
Microsoft Visual Studio Solution File, Format Version 12.00
# Visual Studio Version 16
VisualStudioVersion = 16.0.29911.84
MinimumVisualStudioVersion = 10.0.40219.1
Project("{9A19103F-16F7-4668-BE54-9A1E7A4F7556}") = "PaySpace.TaxCalculator", "PaySpace.TaxCalculator\PaySpace.TaxCalculator.csproj", "{53822487-ED77-44D4-86EE-EF1C3D757AE9}"
EndProject
Project("{9A19103F-16F7-4668-BE54-9A1E7A4F7556}") = "PaySpace.Web", "PaySpace.Web\PaySpace.Web.csproj", "{05184B0C-E682-4397-A4D3-F70EBB69C709}"
EndProject
Project("{FAE04EC0-301F-11D3-BF4B-00C04F79EFBC}") = "PaySpace.WebAPI", "PaySpace.WebAPI\PaySpace.WebAPI.csproj", "{3F404F5F-EC3A-4146-A0C6-F49A366EEC92}"
EndProject
Project("{FAE04EC0-301F-11D3-BF4B-00C04F79EFBC}") = "PaySpace.DataLayer", "PaySpace.DataLayer\PaySpace.DataLayer.csproj", "{057510DD-6D88-45A0-BE77-FB17E02E43E1}"
EndProject
Global
	GlobalSection(SolutionConfigurationPlatforms) = preSolution
		Debug|Any CPU = Debug|Any CPU
		Release|Any CPU = Release|Any CPU
	EndGlobalSection
	GlobalSection(ProjectConfigurationPlatforms) = postSolution
		{53822487-ED77-44D4-86EE-EF1C3D757AE9}.Debug|Any CPU.ActiveCfg = Debug|Any CPU
		{53822487-ED77-44D4-86EE-EF1C3D757AE9}.Debug|Any CPU.Build.0 = Debug|Any CPU
		{53822487-ED77-44D4-86EE-EF1C3D757AE9}.Release|Any CPU.ActiveCfg = Release|Any CPU
		{53822487-ED77-44D4-86EE-EF1C3D757AE9}.Release|Any CPU.Build.0 = Release|Any CPU
		{05184B0C-E682-4397-A4D3-F70EBB69C709}.Debug|Any CPU.ActiveCfg = Debug|Any CPU
		{05184B0C-E682-4397-A4D3-F70EBB69C709}.Debug|Any CPU.Build.0 = Debug|Any CPU
		{05184B0C-E682-4397-A4D3-F70EBB69C709}.Release|Any CPU.ActiveCfg = Release|Any CPU
		{05184B0C-E682-4397-A4D3-F70EBB69C709}.Release|Any CPU.Build.0 = Release|Any CPU
		{3F404F5F-EC3A-4146-A0C6-F49A366EEC92}.Debug|Any CPU.ActiveCfg = Debug|Any CPU
		{3F404F5F-EC3A-4146-A0C6-F49A366EEC92}.Debug|Any CPU.Build.0 = Debug|Any CPU
		{3F404F5F-EC3A-4146-A0C6-F49A366EEC92}.Release|Any CPU.ActiveCfg = Release|Any CPU
		{3F404F5F-EC3A-4146-A0C6-F49A366EEC92}.Release|Any CPU.Build.0 = Release|Any CPU
		{057510DD-6D88-45A0-BE77-FB17E02E43E1}.Debug|Any CPU.ActiveCfg = Debug|Any CPU
		{057510DD-6D88-45A0-BE77-FB17E02E43E1}.Debug|Any CPU.Build.0 = Debug|Any CPU
		{057510DD-6D88-45A0-BE77-FB17E02E43E1}.Release|Any CPU.ActiveCfg = Release|Any CPU
		{057510DD-6D88-45A0-BE77-FB17E02E43E1}.Release|Any CPU.Build.0 = Release|Any CPU
	EndGlobalSection
	GlobalSection(SolutionProperties) = preSolution
		HideSolutionNode = FALSE
	EndGlobalSection
	GlobalSection(ExtensibilityGlobals) = postSolution
		SolutionGuid = {969870AE-4A17-4447-89EF-C7C5364B3878}
	EndGlobalSection
EndGlobal
